
Microsoft Visual Studio Solution File, Format Version 12.00
# Visual Studio Version 17
VisualStudioVersion = 17.13.35919.96 d17.13
MinimumVisualStudioVersion = 10.0.40219.1
Project("{FAE04EC0-301F-11D3-BF4B-00C04F79EFBC}") = "QuanLyLaptop", "QuanLyLaptop.csproj", "{6010148C-4C18-447D-AA8B-44109136C73B}"
EndProject
Global
	GlobalSection(SolutionConfigurationPlatforms) = preSolution
		Debug|Any CPU = Debug|Any CPU
		Release|Any CPU = Release|Any CPU
	EndGlobalSection
	GlobalSection(ProjectConfigurationPlatforms) = postSolution
		{6010148C-4C18-447D-AA8B-44109136C73B}.Debug|Any CPU.ActiveCfg = Debug|Any CPU
		{6010148C-4C18-447D-AA8B-44109136C73B}.Debug|Any CPU.Build.0 = Debug|Any CPU
		{6010148C-4C18-447D-AA8B-44109136C73B}.Release|Any CPU.ActiveCfg = Release|Any CPU
		{6010148C-4C18-447D-AA8B-44109136C73B}.Release|Any CPU.Build.0 = Release|Any CPU
	EndGlobalSection
	GlobalSection(SolutionProperties) = preSolution
		HideSolutionNode = FALSE
	EndGlobalSection
	GlobalSection(ExtensibilityGlobals) = postSolution
		SolutionGuid = {D73793D1-DE07-4D61-8062-0335153E02E9}
	EndGlobalSection
EndGlobal
